PODS:
  - Alamofire (4.4.0)
  - AsyncSwift (2.0.1)
  - Crashlytics (3.8.4):
    - Fabric (~> 1.6.3)
  - Fabric (1.6.11)
  - Firebase/AdMob (3.15.0):
    - Firebase/Core
    - Google-Mobile-Ads-SDK (= 7.19.0)
  - Firebase/Core (3.15.0):
    - FirebaseAnalytics (= 3.7.0)
    - FirebaseCore (= 3.5.2)
  - FirebaseAnalytics (3.7.0):
    - FirebaseCore (~> 3.5)
    - FirebaseInstanceID (~> 1.0)
    - GoogleToolboxForMac/NSData+zlib (~> 2.1)
  - FirebaseCore (3.5.2):
    - GoogleToolboxForMac/NSData+zlib (~> 2.1)
  - FirebaseInstanceID (1.0.9)
  - Google-Mobile-Ads-SDK (7.19.0)
  - GoogleToolboxForMac/Defines (2.1.1)
  - GoogleToolboxForMac/NSData+zlib (2.1.1):
    - GoogleToolboxForMac/Defines (= 2.1.1)
  - GzipSwift (3.1.4)
  - Kanna (2.1.1)
  - PercentEncoder (1.1.0)
  - ReachabilitySwift (3)
  - SwiftyJSON (3.1.4)
  - SWXMLHash (3.0.5)

DEPENDENCIES:
  - Alamofire (~> 4.0)
  - AsyncSwift
  - Crashlytics
  - Fabric
  - Firebase/AdMob
  - Firebase/Core (~> 3.15.0)
  - GzipSwift (~> 3.1)
  - Kanna (~> 2.1.0)
  - PercentEncoder
  - ReachabilitySwift
  - SwiftyJSON
  - SWXMLHash (~> 3.0.0)

SPEC CHECKSUMS:
  Alamofire: dc44b1600b800eb63da6a19039a0083d62a6a62d
  AsyncSwift: 632138e42ead868b53c745fcde9bf733ce1527ad
  Crashlytics: 79e236942ca1e7fc641df1feb9a275360a78ab6a
  Fabric: 5911403591946b8228ab1c51d98f1d7137e863c6
  Firebase: 2b1cdfba1cda8589f32904a697cc753322bff9d8
  FirebaseAnalytics: 0d1b7d81d5021155be37702a94ba1ec16d45365d
  FirebaseCore: a024587e43778508700af8c6b1209f7c4516ba02
  FirebaseInstanceID: 2d0518b1378fe9d685ef40cbdd63d2fdc1125339
  Google-Mobile-Ads-SDK: d1bcdbd8347a105a687345b8511701172a5074e9
  GoogleToolboxForMac: 8e329f1b599f2512c6b10676d45736bcc2cbbeb0
  GzipSwift: 11ddb2bf253b1cd7b60bb169da20f62ac4348769
  Kanna: 9b4b086c218703f2b94f5b21a466217dd2f9332e
  PercentEncoder: 7a001be188d62187761cb785156ac7e5c105688d
  ReachabilitySwift: f5b9bb30a0777fac8f09ce8b067e32faeb29bb64
  SwiftyJSON: c2842d878f95482ffceec5709abc3d05680c0220
  SWXMLHash: 701f7d07c032089b9ff34e0352bd4fed1a24652a

PODFILE CHECKSUM: f5375abccf0e6a348040787b3ce17a20736a6542

COCOAPODS: 1.2.1
