PODS:
  - Alamofire (4.5.0)
  - Crashlytics (3.8.5):
    - Fabric (~> 1.6.3)
  - Fabric (1.6.12)
  - Firebase/AdMob (4.1.1):
    - Firebase/Core
    - Google-Mobile-Ads-SDK (= 7.23.0)
  - Firebase/Core (4.1.1):
    - FirebaseAnalytics (= 4.0.3)
    - FirebaseCore (= 4.0.6)
  - FirebaseAnalytics (4.0.3):
    - FirebaseCore (~> 4.0)
    - FirebaseInstanceID (~> 2.0)
    - GoogleToolboxForMac/NSData+zlib (~> 2.1)
    - nanopb (~> 0.3)
  - FirebaseCore (4.0.6):
    - GoogleToolboxForMac/NSData+zlib (~> 2.1)
    - nanopb (~> 0.3)
  - FirebaseInstanceID (2.0.2):
    - FirebaseCore (~> 4.0)
  - Google-Mobile-Ads-SDK (7.23.0)
  - GoogleToolboxForMac/Defines (2.1.1)
  - GoogleToolboxForMac/NSData+zlib (2.1.1):
    - GoogleToolboxForMac/Defines (= 2.1.1)
  - Kanna (2.1.1)
  - nanopb (0.3.8):
    - nanopb/decode (= 0.3.8)
    - nanopb/encode (= 0.3.8)
  - nanopb/decode (0.3.8)
  - nanopb/encode (0.3.8)
  - PercentEncoder (1.1.0)
  - SwiftyJSON (3.1.4)
  - SWXMLHash (4.2.0)

DEPENDENCIES:
  - Alamofire (~> 4.0)
  - Crashlytics
  - Fabric
  - Firebase/AdMob
  - Firebase/Core
  - Kanna (~> 2.1.0)
  - PercentEncoder
  - SwiftyJSON
  - SWXMLHash

SPEC CHECKSUMS:
  Alamofire: f28cdffd29de33a7bfa022cbd63ae95a27fae140
  Crashlytics: dfbae35ef22ca189240d230ad501feea4ee85d2d
  Fabric: f050464eac45a2ce5a8e6e6a07e977c0df32fe28
  Firebase: 052c0de688fc87b414996eea13e223dd9fee3fa2
  FirebaseAnalytics: 76f754d37ca5b04f36856729b6af3ca0152d1069
  FirebaseCore: 28def3c643989c97ea5a69ea5000f5fa9902b9fd
  FirebaseInstanceID: c4c7fca62c7b7330caee5da04f19a37ea37bb1c1
  Google-Mobile-Ads-SDK: a43dc8efdb566c74d00ac6934c781de969348d80
  GoogleToolboxForMac: 8e329f1b599f2512c6b10676d45736bcc2cbbeb0
  Kanna: 9b4b086c218703f2b94f5b21a466217dd2f9332e
  nanopb: 5601e6bca2dbf1ed831b519092ec110f66982ca3
  PercentEncoder: 7a001be188d62187761cb785156ac7e5c105688d
  SwiftyJSON: c2842d878f95482ffceec5709abc3d05680c0220
  SWXMLHash: 14965722e1136f72cc78a9c3bb037ca01d8b8677

PODFILE CHECKSUM: 7a51cc720156ed0720f9df512afa16150258d241

COCOAPODS: 1.2.1
