PODS:
  - Alamofire (4.4.0)
  - AsyncSwift (2.0.1)
  - Crashlytics (3.8.4):
    - Fabric (~> 1.6.3)
  - Fabric (1.6.11)
  - Firebase/AdMob (3.16.0):
    - Firebase/Core
    - Google-Mobile-Ads-SDK (= 7.19.1)
  - Firebase/Core (3.16.0):
    - FirebaseAnalytics (= 3.8.0)
    - FirebaseCore (= 3.6.0)
  - FirebaseAnalytics (3.8.0):
    - FirebaseCore (~> 3.6)
    - FirebaseInstanceID (~> 1.0)
    - GoogleToolboxForMac/NSData+zlib (~> 2.1)
  - FirebaseCore (3.6.0):
    - GoogleToolboxForMac/NSData+zlib (~> 2.1)
  - FirebaseInstanceID (1.0.10):
    - FirebaseCore (~> 3.6)
  - Google-Mobile-Ads-SDK (7.19.1)
  - GoogleToolboxForMac/Defines (2.1.1)
  - GoogleToolboxForMac/NSData+zlib (2.1.1):
    - GoogleToolboxForMac/Defines (= 2.1.1)
  - GzipSwift (3.1.4)
  - Kanna (2.1.1)
  - PercentEncoder (1.1.0)
  - ReachabilitySwift (3)
  - SwiftyJSON (3.1.4)
  - SWXMLHash (3.0.4)

DEPENDENCIES:
  - Alamofire (~> 4.0)
  - AsyncSwift
  - Crashlytics
  - Fabric
  - Firebase/AdMob
  - Firebase/Core (~> 3.16.0)
  - GzipSwift (~> 3.1)
  - Kanna (~> 2.1.0)
  - PercentEncoder
  - ReachabilitySwift
  - SwiftyJSON
  - SWXMLHash (~> 3.0.0)

SPEC CHECKSUMS:
  Alamofire: dc44b1600b800eb63da6a19039a0083d62a6a62d
  AsyncSwift: 632138e42ead868b53c745fcde9bf733ce1527ad
  Crashlytics: 79e236942ca1e7fc641df1feb9a275360a78ab6a
  Fabric: 5911403591946b8228ab1c51d98f1d7137e863c6
  Firebase: 21bf4a89d3f01bfbe11adc3a5d934a4a3d3a5fd6
  FirebaseAnalytics: 920e46455f27b0a52a80907a6d9b73ee4bd1c635
  FirebaseCore: 9691ee2ade70c098d7cf92440f4303f16d83ca75
  FirebaseInstanceID: b9eedd6846fb5e1f0f7279e1deaa7a7e4cf8392e
  Google-Mobile-Ads-SDK: 43ac87810e4961f5093024d3525bfe022f956da3
  GoogleToolboxForMac: 8e329f1b599f2512c6b10676d45736bcc2cbbeb0
  GzipSwift: 11ddb2bf253b1cd7b60bb169da20f62ac4348769
  Kanna: 9b4b086c218703f2b94f5b21a466217dd2f9332e
  PercentEncoder: 7a001be188d62187761cb785156ac7e5c105688d
  ReachabilitySwift: f5b9bb30a0777fac8f09ce8b067e32faeb29bb64
  SwiftyJSON: c2842d878f95482ffceec5709abc3d05680c0220
  SWXMLHash: 29d20b84692fc319ea8ed933058fe7d8d005139b

PODFILE CHECKSUM: 55a2967130e1c6038d032be2181409c2d14c9f9b

COCOAPODS: 1.2.1
