// !$*UTF8*$!
{
	archiveVersion = 1;
	classes = {
	};
	objectVersion = 46;
	objects = {

/* Begin PBXBuildFile section */
		51FF7E97FEA9708B7047F1BC /* Pods_PBike.framework in Frameworks */ = {isa = PBXBuildFile; fileRef = D32ADF4BAF9745C9EDD04B20 /* Pods_PBike.framework */; };
		A83B5DD71DB50ACD009C3D6E /* OpenDataAPI.swift in Sources */ = {isa = PBXBuildFile; fileRef = A83B5DD61DB50ACD009C3D6E /* OpenDataAPI.swift */; };
		A8A9B48E1DB73DAB00C2568D /* MapViewController.swift in Sources */ = {isa = PBXBuildFile; fileRef = A8A9B48D1DB73DAB00C2568D /* MapViewController.swift */; };
		A8B34C4A1DBB0B1900DC422E /* GoogleService-Info.plist in Resources */ = {isa = PBXBuildFile; fileRef = A8B34C491DBB0B1900DC422E /* GoogleService-Info.plist */; };
		A8F8364E1DB37336001131BE /* AppDelegate.swift in Sources */ = {isa = PBXBuildFile; fileRef = A8F8364D1DB37336001131BE /* AppDelegate.swift */; };
		A8F836531DB37336001131BE /* Main.storyboard in Resources */ = {isa = PBXBuildFile; fileRef = A8F836511DB37336001131BE /* Main.storyboard */; };
		A8F836551DB37336001131BE /* Assets.xcassets in Resources */ = {isa = PBXBuildFile; fileRef = A8F836541DB37336001131BE /* Assets.xcassets */; };
		A8F836581DB37336001131BE /* LaunchScreen.storyboard in Resources */ = {isa = PBXBuildFile; fileRef = A8F836561DB37336001131BE /* LaunchScreen.storyboard */; };
		A8F836631DB374A6001131BE /* BikeStation.swift in Sources */ = {isa = PBXBuildFile; fileRef = A8F836621DB374A6001131BE /* BikeStation.swift */; };
		A8F836651DB378CA001131BE /* MapKit.framework in Frameworks */ = {isa = PBXBuildFile; fileRef = A8F836641DB378CA001131BE /* MapKit.framework */; };
		A8F8366B1DB3A819001131BE /* BikeStationTableViewCell.swift in Sources */ = {isa = PBXBuildFile; fileRef = A8F8366A1DB3A819001131BE /* BikeStationTableViewCell.swift */; };
		A8F8366D1DB3B7D4001131BE /* stationlist.aspx.xml in Resources */ = {isa = PBXBuildFile; fileRef = A8F8366C1DB3B7D4001131BE /* stationlist.aspx.xml */; };
		A8F8366F1DB3CC38001131BE /* BikeStationViewController.swift in Sources */ = {isa = PBXBuildFile; fileRef = A8F8366E1DB3CC38001131BE /* BikeStationViewController.swift */; };
/* End PBXBuildFile section */

/* Begin PBXFileReference section */
		12968D17E8D673E7CA8E294F /* Pods-PBike.debug.xcconfig */ = {isa = PBXFileReference; includeInIndex = 1; lastKnownFileType = text.xcconfig; name = "Pods-PBike.debug.xcconfig"; path = "Pods/Target Support Files/Pods-PBike/Pods-PBike.debug.xcconfig"; sourceTree = "<group>"; };
		3BA89112C7C10FF0D5D9F479 /* Pods-PBike.release.xcconfig */ = {isa = PBXFileReference; includeInIndex = 1; lastKnownFileType = text.xcconfig; name = "Pods-PBike.release.xcconfig"; path = "Pods/Target Support Files/Pods-PBike/Pods-PBike.release.xcconfig"; sourceTree = "<group>"; };
		A83B5DD61DB50ACD009C3D6E /* OpenDataAPI.swift */ = {isa = PBXFileReference; fileEncoding = 4; lastKnownFileType = sourcecode.swift; path = OpenDataAPI.swift; sourceTree = "<group>"; };
		A85B62C41DB895BF00C1413B /* PingtungTW.gpx */ = {isa = PBXFileReference; lastKnownFileType = text.xml; name = PingtungTW.gpx; path = ../PingtungTW.gpx; sourceTree = "<group>"; };
		A8A9B48D1DB73DAB00C2568D /* MapViewController.swift */ = {isa = PBXFileReference; fileEncoding = 4; lastKnownFileType = sourcecode.swift; path = MapViewController.swift; sourceTree = "<group>"; };
		A8B34C491DBB0B1900DC422E /* GoogleService-Info.plist */ = {isa = PBXFileReference; fileEncoding = 4; lastKnownFileType = text.plist.xml; path = "GoogleService-Info.plist"; sourceTree = "<group>"; };
		A8F8364A1DB37336001131BE /* PBike.app */ = {isa = PBXFileReference; explicitFileType = wrapper.application; includeInIndex = 0; path = PBike.app; sourceTree = BUILT_PRODUCTS_DIR; };
		A8F8364D1DB37336001131BE /* AppDelegate.swift */ = {isa = PBXFileReference; lastKnownFileType = sourcecode.swift; path = AppDelegate.swift; sourceTree = "<group>"; };
		A8F836521DB37336001131BE /* Base */ = {isa = PBXFileReference; lastKnownFileType = file.storyboard; name = Base; path = Base.lproj/Main.storyboard; sourceTree = "<group>"; };
		A8F836541DB37336001131BE /* Assets.xcassets */ = {isa = PBXFileReference; lastKnownFileType = folder.assetcatalog; path = Assets.xcassets; sourceTree = "<group>"; };
		A8F836571DB37336001131BE /* Base */ = {isa = PBXFileReference; lastKnownFileType = file.storyboard; name = Base; path = Base.lproj/LaunchScreen.storyboard; sourceTree = "<group>"; };
		A8F836591DB37336001131BE /* Info.plist */ = {isa = PBXFileReference; lastKnownFileType = text.plist.xml; path = Info.plist; sourceTree = "<group>"; };
		A8F836621DB374A6001131BE /* BikeStation.swift */ = {isa = PBXFileReference; fileEncoding = 4; lastKnownFileType = sourcecode.swift; path = BikeStation.swift; sourceTree = "<group>"; };
		A8F836641DB378CA001131BE /* MapKit.framework */ = {isa = PBXFileReference; lastKnownFileType = wrapper.framework; name = MapKit.framework; path = System/Library/Frameworks/MapKit.framework; sourceTree = SDKROOT; };
		A8F8366A1DB3A819001131BE /* BikeStationTableViewCell.swift */ = {isa = PBXFileReference; fileEncoding = 4; lastKnownFileType = sourcecode.swift; path = BikeStationTableViewCell.swift; sourceTree = "<group>"; };
		A8F8366C1DB3B7D4001131BE /* stationlist.aspx.xml */ = {isa = PBXFileReference; fileEncoding = 4; lastKnownFileType = text.xml; path = stationlist.aspx.xml; sourceTree = "<group>"; };
		A8F8366E1DB3CC38001131BE /* BikeStationViewController.swift */ = {isa = PBXFileReference; fileEncoding = 4; lastKnownFileType = sourcecode.swift; path = BikeStationViewController.swift; sourceTree = "<group>"; };
		D32ADF4BAF9745C9EDD04B20 /* Pods_PBike.framework */ = {isa = PBXFileReference; explicitFileType = wrapper.framework; includeInIndex = 0; path = Pods_PBike.framework; sourceTree = BUILT_PRODUCTS_DIR; };
/* End PBXFileReference section */

/* Begin PBXFrameworksBuildPhase section */
		A8F836471DB37336001131BE /* Frameworks */ = {
			isa = PBXFrameworksBuildPhase;
			buildActionMask = 2147483647;
			files = (
				A8F836651DB378CA001131BE /* MapKit.framework in Frameworks */,
				51FF7E97FEA9708B7047F1BC /* Pods_PBike.framework in Frameworks */,
			);
			runOnlyForDeploymentPostprocessing = 0;
		};
/* End PBXFrameworksBuildPhase section */

/* Begin PBXGroup section */
		2CFB6AEC87F182A1F3C642C7 /* Pods */ = {
			isa = PBXGroup;
			children = (
				12968D17E8D673E7CA8E294F /* Pods-PBike.debug.xcconfig */,
				3BA89112C7C10FF0D5D9F479 /* Pods-PBike.release.xcconfig */,
			);
			name = Pods;
			sourceTree = "<group>";
		};
		6E84EAB925C4FD7FD414DFDD /* Frameworks */ = {
			isa = PBXGroup;
			children = (
				A8F836641DB378CA001131BE /* MapKit.framework */,
				D32ADF4BAF9745C9EDD04B20 /* Pods_PBike.framework */,
			);
			name = Frameworks;
			sourceTree = "<group>";
		};
		A85B62C51DB895C800C1413B /* Resource */ = {
			isa = PBXGroup;
			children = (
				A85B62C41DB895BF00C1413B /* PingtungTW.gpx */,
			);
			name = Resource;
			sourceTree = "<group>";
		};
		A8F836411DB37336001131BE = {
			isa = PBXGroup;
			children = (
				A8F8364C1DB37336001131BE /* PBike */,
				A8F8364B1DB37336001131BE /* Products */,
				2CFB6AEC87F182A1F3C642C7 /* Pods */,
				6E84EAB925C4FD7FD414DFDD /* Frameworks */,
			);
			sourceTree = "<group>";
		};
		A8F8364B1DB37336001131BE /* Products */ = {
			isa = PBXGroup;
			children = (
				A8F8364A1DB37336001131BE /* PBike.app */,
			);
			name = Products;
			sourceTree = "<group>";
		};
		A8F8364C1DB37336001131BE /* PBike */ = {
			isa = PBXGroup;
			children = (
				A85B62C51DB895C800C1413B /* Resource */,
				A8F836611DB3747E001131BE /* View */,
				A8F836601DB37456001131BE /* Controller */,
				A8F8365F1DB3744C001131BE /* Model */,
				A8F8364D1DB37336001131BE /* AppDelegate.swift */,
				A8F8366C1DB3B7D4001131BE /* stationlist.aspx.xml */,
				A8F836511DB37336001131BE /* Main.storyboard */,
				A8F836541DB37336001131BE /* Assets.xcassets */,
				A8F836561DB37336001131BE /* LaunchScreen.storyboard */,
				A8B34C491DBB0B1900DC422E /* GoogleService-Info.plist */,
				A8F836591DB37336001131BE /* Info.plist */,
			);
			path = PBike;
			sourceTree = "<group>";
		};
		A8F8365F1DB3744C001131BE /* Model */ = {
			isa = PBXGroup;
			children = (
				A8F836621DB374A6001131BE /* BikeStation.swift */,
				A83B5DD61DB50ACD009C3D6E /* OpenDataAPI.swift */,
			);
			name = Model;
			sourceTree = "<group>";
		};
		A8F836601DB37456001131BE /* Controller */ = {
			isa = PBXGroup;
			children = (
				A8F8366E1DB3CC38001131BE /* BikeStationViewController.swift */,
				A8A9B48D1DB73DAB00C2568D /* MapViewController.swift */,
			);
			name = Controller;
			sourceTree = "<group>";
		};
		A8F836611DB3747E001131BE /* View */ = {
			isa = PBXGroup;
			children = (
				A8F8366A1DB3A819001131BE /* BikeStationTableViewCell.swift */,
			);
			name = View;
			sourceTree = "<group>";
		};
/* End PBXGroup section */

/* Begin PBXNativeTarget section */
		A8F836491DB37336001131BE /* PBike */ = {
			isa = PBXNativeTarget;
			buildConfigurationList = A8F8365C1DB37336001131BE /* Build configuration list for PBXNativeTarget "PBike" */;
			buildPhases = (
				4C11C28DCFE172EED88B0DEA /* [CP] Check Pods Manifest.lock */,
				A8F836461DB37336001131BE /* Sources */,
				A8F836471DB37336001131BE /* Frameworks */,
				A8F836481DB37336001131BE /* Resources */,
				57F4C19608A4D96E5F57C15E /* [CP] Embed Pods Frameworks */,
				DE6EB98F9EE5BD80D898B18B /* [CP] Copy Pods Resources */,
			);
			buildRules = (
			);
			dependencies = (
			);
			name = PBike;
			productName = PBike;
			productReference = A8F8364A1DB37336001131BE /* PBike.app */;
			productType = "com.apple.product-type.application";
		};
/* End PBXNativeTarget section */

/* Begin PBXProject section */
		A8F836421DB37336001131BE /* Project object */ = {
			isa = PBXProject;
			attributes = {
				LastSwiftUpdateCheck = 0800;
				LastUpgradeCheck = 0800;
				ORGANIZATIONNAME = "陳 冠禎";
				TargetAttributes = {
					A8F836491DB37336001131BE = {
						CreatedOnToolsVersion = 8.0;
						DevelopmentTeam = 9XY989BJNH;
						ProvisioningStyle = Automatic;
						SystemCapabilities = {
							com.apple.Maps.iOS = {
								enabled = 1;
							};
						};
					};
				};
			};
			buildConfigurationList = A8F836451DB37336001131BE /* Build configuration list for PBXProject "PBike" */;
			compatibilityVersion = "Xcode 3.2";
			developmentRegion = English;
			hasScannedForEncodings = 0;
			knownRegions = (
				en,
				Base,
			);
			mainGroup = A8F836411DB37336001131BE;
			productRefGroup = A8F8364B1DB37336001131BE /* Products */;
			projectDirPath = "";
			projectRoot = "";
			targets = (
				A8F836491DB37336001131BE /* PBike */,
			);
		};
/* End PBXProject section */

/* Begin PBXResourcesBuildPhase section */
		A8F836481DB37336001131BE /* Resources */ = {
			isa = PBXResourcesBuildPhase;
			buildActionMask = 2147483647;
			files = (
				A8F836581DB37336001131BE /* LaunchScreen.storyboard in Resources */,
				A8F836551DB37336001131BE /* Assets.xcassets in Resources */,
				A8B34C4A1DBB0B1900DC422E /* GoogleService-Info.plist in Resources */,
				A8F836531DB37336001131BE /* Main.storyboard in Resources */,
				A8F8366D1DB3B7D4001131BE /* stationlist.aspx.xml in Resources */,
			);
			runOnlyForDeploymentPostprocessing = 0;
		};
/* End PBXResourcesBuildPhase section */

/* Begin PBXShellScriptBuildPhase section */
		4C11C28DCFE172EED88B0DEA /* [CP] Check Pods Manifest.lock */ = {
			isa = PBXShellScriptBuildPhase;
			buildActionMask = 2147483647;
			files = (
			);
			inputPaths = (
			);
			name = "[CP] Check Pods Manifest.lock";
			outputPaths = (
			);
			runOnlyForDeploymentPostprocessing = 0;
			shellPath = /bin/sh;
			shellScript = "diff \"${PODS_ROOT}/../Podfile.lock\" \"${PODS_ROOT}/Manifest.lock\" > /dev/null\nif [ $? != 0 ] ; then\n    # print error to STDERR\n    echo \"error: The sandbox is not in sync with the Podfile.lock. Run 'pod install' or update your CocoaPods installation.\" >&2\n    exit 1\nfi\n";
			showEnvVarsInLog = 0;
		};
		57F4C19608A4D96E5F57C15E /* [CP] Embed Pods Frameworks */ = {
			isa = PBXShellScriptBuildPhase;
			buildActionMask = 2147483647;
			files = (
			);
			inputPaths = (
			);
			name = "[CP] Embed Pods Frameworks";
			outputPaths = (
			);
			runOnlyForDeploymentPostprocessing = 0;
			shellPath = /bin/sh;
			shellScript = "\"${SRCROOT}/Pods/Target Support Files/Pods-PBike/Pods-PBike-frameworks.sh\"\n";
			showEnvVarsInLog = 0;
		};
		DE6EB98F9EE5BD80D898B18B /* [CP] Copy Pods Resources */ = {
			isa = PBXShellScriptBuildPhase;
			buildActionMask = 2147483647;
			files = (
			);
			inputPaths = (
			);
			name = "[CP] Copy Pods Resources";
			outputPaths = (
			);
			runOnlyForDeploymentPostprocessing = 0;
			shellPath = /bin/sh;
			shellScript = "\"${SRCROOT}/Pods/Target Support Files/Pods-PBike/Pods-PBike-resources.sh\"\n";
			showEnvVarsInLog = 0;
		};
/* End PBXShellScriptBuildPhase section */

/* Begin PBXSourcesBuildPhase section */
		A8F836461DB37336001131BE /* Sources */ = {
			isa = PBXSourcesBuildPhase;
			buildActionMask = 2147483647;
			files = (
				A83B5DD71DB50ACD009C3D6E /* OpenDataAPI.swift in Sources */,
				A8A9B48E1DB73DAB00C2568D /* MapViewController.swift in Sources */,
				A8F8364E1DB37336001131BE /* AppDelegate.swift in Sources */,
				A8F836631DB374A6001131BE /* BikeStation.swift in Sources */,
				A8F8366B1DB3A819001131BE /* BikeStationTableViewCell.swift in Sources */,
				A8F8366F1DB3CC38001131BE /* BikeStationViewController.swift in Sources */,
			);
			runOnlyForDeploymentPostprocessing = 0;
		};
/* End PBXSourcesBuildPhase section */

/* Begin PBXVariantGroup section */
		A8F836511DB37336001131BE /* Main.storyboard */ = {
			isa = PBXVariantGroup;
			children = (
				A8F836521DB37336001131BE /* Base */,
			);
			name = Main.storyboard;
			sourceTree = "<group>";
		};
		A8F836561DB37336001131BE /* LaunchScreen.storyboard */ = {
			isa = PBXVariantGroup;
			children = (
				A8F836571DB37336001131BE /* Base */,
			);
			name = LaunchScreen.storyboard;
			sourceTree = "<group>";
		};
/* End PBXVariantGroup section */

/* Begin XCBuildConfiguration section */
		A8F8365A1DB37336001131BE /* Debug */ = {
			isa = XCBuildConfiguration;
			buildSettings = {
				ALWAYS_SEARCH_USER_PATHS = NO;
				CLANG_ANALYZER_NONNULL = YES;
				CLANG_CXX_LANGUAGE_STANDARD = "gnu++0x";
				CLANG_CXX_LIBRARY = "libc++";
				CLANG_ENABLE_MODULES = YES;
				CLANG_ENABLE_OBJC_ARC = YES;
				CLANG_WARN_BOOL_CONVERSION = YES;
				CLANG_WARN_CONSTANT_CONVERSION = YES;
				CLANG_WARN_DIRECT_OBJC_ISA_USAGE = YES_ERROR;
				CLANG_WARN_DOCUMENTATION_COMMENTS = YES;
				CLANG_WARN_EMPTY_BODY = YES;
				CLANG_WARN_ENUM_CONVERSION = YES;
				CLANG_WARN_INFINITE_RECURSION = YES;
				CLANG_WARN_INT_CONVERSION = YES;
				CLANG_WARN_OBJC_ROOT_CLASS = YES_ERROR;
				CLANG_WARN_SUSPICIOUS_MOVE = YES;
				CLANG_WARN_SUSPICIOUS_MOVES = YES;
				CLANG_WARN_UNREACHABLE_CODE = YES;
				CLANG_WARN__DUPLICATE_METHOD_MATCH = YES;
				"CODE_SIGN_IDENTITY[sdk=iphoneos*]" = "iPhone Developer";
				COPY_PHASE_STRIP = NO;
				DEBUG_INFORMATION_FORMAT = dwarf;
				ENABLE_STRICT_OBJC_MSGSEND = YES;
				ENABLE_TESTABILITY = YES;
				GCC_C_LANGUAGE_STANDARD = gnu99;
				GCC_DYNAMIC_NO_PIC = NO;
				GCC_NO_COMMON_BLOCKS = YES;
				GCC_OPTIMIZATION_LEVEL = 0;
				GCC_PREPROCESSOR_DEFINITIONS = (
					"DEBUG=1",
					"$(inherited)",
				);
				GCC_WARN_64_TO_32_BIT_CONVERSION = YES;
				GCC_WARN_ABOUT_RETURN_TYPE = YES_ERROR;
				GCC_WARN_UNDECLARED_SELECTOR = YES;
				GCC_WARN_UNINITIALIZED_AUTOS = YES_AGGRESSIVE;
				GCC_WARN_UNUSED_FUNCTION = YES;
				GCC_WARN_UNUSED_VARIABLE = YES;
				IPHONEOS_DEPLOYMENT_TARGET = 10.0;
				MTL_ENABLE_DEBUG_INFO = YES;
				ONLY_ACTIVE_ARCH = YES;
				SDKROOT = iphoneos;
				SWIFT_ACTIVE_COMPILATION_CONDITIONS = DEBUG;
				SWIFT_OPTIMIZATION_LEVEL = "-Onone";
				TARGETED_DEVICE_FAMILY = "1,2";
			};
			name = Debug;
		};
		A8F8365B1DB37336001131BE /* Release */ = {
			isa = XCBuildConfiguration;
			buildSettings = {
				ALWAYS_SEARCH_USER_PATHS = NO;
				CLANG_ANALYZER_NONNULL = YES;
				CLANG_CXX_LANGUAGE_STANDARD = "gnu++0x";
				CLANG_CXX_LIBRARY = "libc++";
				CLANG_ENABLE_MODULES = YES;
				CLANG_ENABLE_OBJC_ARC = YES;
				CLANG_WARN_BOOL_CONVERSION = YES;
				CLANG_WARN_CONSTANT_CONVERSION = YES;
				CLANG_WARN_DIRECT_OBJC_ISA_USAGE = YES_ERROR;
				CLANG_WARN_DOCUMENTATION_COMMENTS = YES;
				CLANG_WARN_EMPTY_BODY = YES;
				CLANG_WARN_ENUM_CONVERSION = YES;
				CLANG_WARN_INFINITE_RECURSION = YES;
				CLANG_WARN_INT_CONVERSION = YES;
				CLANG_WARN_OBJC_ROOT_CLASS = YES_ERROR;
				CLANG_WARN_SUSPICIOUS_MOVE = YES;
				CLANG_WARN_SUSPICIOUS_MOVES = YES;
				CLANG_WARN_UNREACHABLE_CODE = YES;
				CLANG_WARN__DUPLICATE_METHOD_MATCH = YES;
				"CODE_SIGN_IDENTITY[sdk=iphoneos*]" = "iPhone Developer";
				COPY_PHASE_STRIP = NO;
				DEBUG_INFORMATION_FORMAT = "dwarf-with-dsym";
				ENABLE_NS_ASSERTIONS = NO;
				ENABLE_STRICT_OBJC_MSGSEND = YES;
				GCC_C_LANGUAGE_STANDARD = gnu99;
				GCC_NO_COMMON_BLOCKS = YES;
				GCC_WARN_64_TO_32_BIT_CONVERSION = YES;
				GCC_WARN_ABOUT_RETURN_TYPE = YES_ERROR;
				GCC_WARN_UNDECLARED_SELECTOR = YES;
				GCC_WARN_UNINITIALIZED_AUTOS = YES_AGGRESSIVE;
				GCC_WARN_UNUSED_FUNCTION = YES;
				GCC_WARN_UNUSED_VARIABLE = YES;
				IPHONEOS_DEPLOYMENT_TARGET = 10.0;
				MTL_ENABLE_DEBUG_INFO = NO;
				SDKROOT = iphoneos;
				SWIFT_OPTIMIZATION_LEVEL = "-Owholemodule";
				TARGETED_DEVICE_FAMILY = "1,2";
				VALIDATE_PRODUCT = YES;
			};
			name = Release;
		};
		A8F8365D1DB37336001131BE /* Debug */ = {
			isa = XCBuildConfiguration;
			baseConfigurationReference = 12968D17E8D673E7CA8E294F /* Pods-PBike.debug.xcconfig */;
			buildSettings = {
				ALWAYS_EMBED_SWIFT_STANDARD_LIBRARIES = YES;
				ASSETCATALOG_COMPILER_APPICON_NAME = AppIcon;
				DEVELOPMENT_TEAM = 9XY989BJNH;
				INFOPLIST_FILE = PBike/Info.plist;
				IPHONEOS_DEPLOYMENT_TARGET = 9.3;
				LD_RUNPATH_SEARCH_PATHS = "$(inherited) @executable_path/Frameworks";
				PRODUCT_BUNDLE_IDENTIFIER = com.NativeLive.PBike;
				PRODUCT_NAME = "$(TARGET_NAME)";
				SWIFT_VERSION = 3.0;
			};
			name = Debug;
		};
		A8F8365E1DB37336001131BE /* Release */ = {
			isa = XCBuildConfiguration;
			baseConfigurationReference = 3BA89112C7C10FF0D5D9F479 /* Pods-PBike.release.xcconfig */;
			buildSettings = {
				ALWAYS_EMBED_SWIFT_STANDARD_LIBRARIES = YES;
				ASSETCATALOG_COMPILER_APPICON_NAME = AppIcon;
				DEVELOPMENT_TEAM = 9XY989BJNH;
				INFOPLIST_FILE = PBike/Info.plist;
				IPHONEOS_DEPLOYMENT_TARGET = 9.3;
				LD_RUNPATH_SEARCH_PATHS = "$(inherited) @executable_path/Frameworks";
				PRODUCT_BUNDLE_IDENTIFIER = com.NativeLive.PBike;
				PRODUCT_NAME = "$(TARGET_NAME)";
				SWIFT_VERSION = 3.0;
			};
			name = Release;
		};
/* End XCBuildConfiguration section */

/* Begin XCConfigurationList section */
		A8F836451DB37336001131BE /* Build configuration list for PBXProject "PBike" */ = {
			isa = XCConfigurationList;
			buildConfigurations = (
				A8F8365A1DB37336001131BE /* Debug */,
				A8F8365B1DB37336001131BE /* Release */,
			);
			defaultConfigurationIsVisible = 0;
			defaultConfigurationName = Release;
		};
		A8F8365C1DB37336001131BE /* Build configuration list for PBXNativeTarget "PBike" */ = {
			isa = XCConfigurationList;
			buildConfigurations = (
				A8F8365D1DB37336001131BE /* Debug */,
				A8F8365E1DB37336001131BE /* Release */,
			);
			defaultConfigurationIsVisible = 0;
			defaultConfigurationName = Release;
		};
/* End XCConfigurationList section */
	};
	rootObject = A8F836421DB37336001131BE /* Project object */;
}
